
Microsoft Visual Studio Solution File, Format Version 12.00
# Visual Studio Version 16
VisualStudioVersion = 16.0.32413.511
MinimumVisualStudioVersion = 10.0.40219.1
Project("{FAE04EC0-301F-11D3-BF4B-00C04F79EFBC}") = "Test", "Test\Test.csproj", "{917E57CE-769A-4DC8-801E-C8E8AF79B260}"
EndProject
Global
	GlobalSection(SolutionConfigurationPlatforms) = preSolution
		Debug|Any CPU = Debug|Any CPU
		Release|Any CPU = Release|Any CPU
	EndGlobalSection
	GlobalSection(ProjectConfigurationPlatforms) = postSolution
		{917E57CE-769A-4DC8-801E-C8E8AF79B260}.Debug|Any CPU.ActiveCfg = Debug|Any CPU
		{917E57CE-769A-4DC8-801E-C8E8AF79B260}.Debug|Any CPU.Build.0 = Debug|Any CPU
		{917E57CE-769A-4DC8-801E-C8E8AF79B260}.Release|Any CPU.ActiveCfg = Release|Any CPU
		{917E57CE-769A-4DC8-801E-C8E8AF79B260}.Release|Any CPU.Build.0 = Release|Any CPU
	EndGlobalSection
	GlobalSection(SolutionProperties) = preSolution
		HideSolutionNode = FALSE
	EndGlobalSection
	GlobalSection(ExtensibilityGlobals) = postSolution
		SolutionGuid = {8D275AC0-7B5F-4404-B5C6-F0703042C42D}
	EndGlobalSection
EndGlobal
